PODS:
  - Alamofire (3.3.0)
  - Crashlytics (3.7.0):
    - Fabric (~> 1.6.3)
  - Fabric (1.6.7)
  - IBAnimatable (2.2)
  - IQKeyboardManagerSwift (4.0.1)
  - Keys (1.0.0)
  - LogKit (2.2.0)
  - Nimble (3.2.0)
  - ObjectMapper (1.2.0)
  - Quick (0.9.1)
  - SwiftDelayer (1.0.2)
  - SwiftMailgun (0.0.1):
    - Alamofire (~> 3.0)
    - ObjectMapper (~> 1.1)

DEPENDENCIES:
  - Crashlytics
  - Fabric
  - IBAnimatable
  - IQKeyboardManagerSwift
  - Keys (from `Pods/CocoaPodsKeys`)
  - LogKit
  - Nimble
  - Quick
  - SwiftDelayer
  - SwiftMailgun

EXTERNAL SOURCES:
  Keys:
    :path: Pods/CocoaPodsKeys

SPEC CHECKSUMS:
  Alamofire: 9054db4a1b1ca9e363223183e01cea380159a27c
  Crashlytics: c3a2333dea9e2733d2777f730910321fc9e25c0d
  Fabric: caf7580c725e64db144f610ac65cd60956911dc7
  IBAnimatable: 41ddf0b307ebec241d5dd510f472c51fb7fe519b
  IQKeyboardManagerSwift: e92246955e21dad73ad9dc89b80adb134d8bb395
  Keys: 7d2ff6ff42f6903358267ce56e9392f83c31acfe
  LogKit: 0b2f79d8dc915e5f361b31de46c27c647b86018b
  Nimble: 703854335d181df169bbca9c97117b5cf8c47c1d
  ObjectMapper: b1e9c7c8a9f6400b72690c80072c131504caa66f
  Quick: a5221fc21788b6aeda934805e68b061839bc3165
  SwiftDelayer: 555c09edc3a5af5e778052c3a489283eb894da6c
  SwiftMailgun: 4a34df3bf992f4aea9b37539be5b8932a642466b

COCOAPODS: 0.39.0
